
Microsoft Visual Studio Solution File, Format Version 12.00
# Visual Studio 15
VisualStudioVersion = 15.0.26124.0
MinimumVisualStudioVersion = 15.0.26124.0
Project("{9A19103F-16F7-4668-BE54-9A1E7A4F7556}") = "LambdaRemoteDebug.Tools", "src\LambdaRemoteDebug.Tools\LambdaRemoteDebug.Tools.csproj", "{9FA7C6E3-530A-4243-91AA-F69BD66EBCA5}"
EndProject
Project("{9A19103F-16F7-4668-BE54-9A1E7A4F7556}") = "LambdaRemoteDebug", "src\LambdaRemoteDebug\LambdaRemoteDebug.csproj", "{53CE21FD-A71E-4184-B6B7-06AA0498290E}"
EndProject
Global
	GlobalSection(SolutionConfigurationPlatforms) = preSolution
		Debug|Any CPU = Debug|Any CPU
		Debug|x64 = Debug|x64
		Debug|x86 = Debug|x86
		Release|Any CPU = Release|Any CPU
		Release|x64 = Release|x64
		Release|x86 = Release|x86
	EndGlobalSection
	GlobalSection(ProjectConfigurationPlatforms) = postSolution
		{9FA7C6E3-530A-4243-91AA-F69BD66EBCA5}.Debug|Any CPU.ActiveCfg = Debug|Any CPU
		{9FA7C6E3-530A-4243-91AA-F69BD66EBCA5}.Debug|Any CPU.Build.0 = Debug|Any CPU
		{9FA7C6E3-530A-4243-91AA-F69BD66EBCA5}.Debug|x64.ActiveCfg = Debug|Any CPU
		{9FA7C6E3-530A-4243-91AA-F69BD66EBCA5}.Debug|x64.Build.0 = Debug|Any CPU
		{9FA7C6E3-530A-4243-91AA-F69BD66EBCA5}.Debug|x86.ActiveCfg = Debug|Any CPU
		{9FA7C6E3-530A-4243-91AA-F69BD66EBCA5}.Debug|x86.Build.0 = Debug|Any CPU
		{9FA7C6E3-530A-4243-91AA-F69BD66EBCA5}.Release|Any CPU.ActiveCfg = Release|Any CPU
		{9FA7C6E3-530A-4243-91AA-F69BD66EBCA5}.Release|Any CPU.Build.0 = Release|Any CPU
		{9FA7C6E3-530A-4243-91AA-F69BD66EBCA5}.Release|x64.ActiveCfg = Release|Any CPU
		{9FA7C6E3-530A-4243-91AA-F69BD66EBCA5}.Release|x64.Build.0 = Release|Any CPU
		{9FA7C6E3-530A-4243-91AA-F69BD66EBCA5}.Release|x86.ActiveCfg = Release|Any CPU
		{9FA7C6E3-530A-4243-91AA-F69BD66EBCA5}.Release|x86.Build.0 = Release|Any CPU
		{53CE21FD-A71E-4184-B6B7-06AA0498290E}.Debug|Any CPU.ActiveCfg = Debug|Any CPU
		{53CE21FD-A71E-4184-B6B7-06AA0498290E}.Debug|Any CPU.Build.0 = Debug|Any CPU
		{53CE21FD-A71E-4184-B6B7-06AA0498290E}.Debug|x64.ActiveCfg = Debug|Any CPU
		{53CE21FD-A71E-4184-B6B7-06AA0498290E}.Debug|x64.Build.0 = Debug|Any CPU
		{53CE21FD-A71E-4184-B6B7-06AA0498290E}.Debug|x86.ActiveCfg = Debug|Any CPU
		{53CE21FD-A71E-4184-B6B7-06AA0498290E}.Debug|x86.Build.0 = Debug|Any CPU
		{53CE21FD-A71E-4184-B6B7-06AA0498290E}.Release|Any CPU.ActiveCfg = Release|Any CPU
		{53CE21FD-A71E-4184-B6B7-06AA0498290E}.Release|Any CPU.Build.0 = Release|Any CPU
		{53CE21FD-A71E-4184-B6B7-06AA0498290E}.Release|x64.ActiveCfg = Release|Any CPU
		{53CE21FD-A71E-4184-B6B7-06AA0498290E}.Release|x64.Build.0 = Release|Any CPU
		{53CE21FD-A71E-4184-B6B7-06AA0498290E}.Release|x86.ActiveCfg = Release|Any CPU
		{53CE21FD-A71E-4184-B6B7-06AA0498290E}.Release|x86.Build.0 = Release|Any CPU
	EndGlobalSection
	GlobalSection(SolutionProperties) = preSolution
		HideSolutionNode = FALSE
	EndGlobalSection
	GlobalSection(NestedProjects) = preSolution
		{9FA7C6E3-530A-4243-91AA-F69BD66EBCA5} = {AAC9A84F-8910-4941-B832-49D2D9752164}
		{53CE21FD-A71E-4184-B6B7-06AA0498290E} = {AAC9A84F-8910-4941-B832-49D2D9752164}
	EndGlobalSection
	GlobalSection(ExtensibilityGlobals) = postSolution
		SolutionGuid = {6A37B5E3-21C6-4448-B028-D109674A1851}
	EndGlobalSection
EndGlobal
